
Microsoft Visual Studio Solution File, Format Version 12.00
Project("{FAE04EC0-301F-11D3-BF4B-00C04F79EFBC}") = "LP4neu", "LP4neu\LP4neu.csproj", "{CDEFD0B0-869D-4705-9032-CDA34AC9F563}"
EndProject
Global
	GlobalSection(SolutionConfigurationPlatforms) = preSolution
		Debug|Any CPU = Debug|Any CPU
		Release|Any CPU = Release|Any CPU
	EndGlobalSection
	GlobalSection(ProjectConfigurationPlatforms) = postSolution
		{CDEFD0B0-869D-4705-9032-CDA34AC9F563}.Debug|Any CPU.ActiveCfg = Debug|Any CPU
		{CDEFD0B0-869D-4705-9032-CDA34AC9F563}.Debug|Any CPU.Build.0 = Debug|Any CPU
		{CDEFD0B0-869D-4705-9032-CDA34AC9F563}.Release|Any CPU.ActiveCfg = Release|Any CPU
		{CDEFD0B0-869D-4705-9032-CDA34AC9F563}.Release|Any CPU.Build.0 = Release|Any CPU
	EndGlobalSection
EndGlobal
